
Microsoft Visual Studio Solution File, Format Version 12.00
# Visual Studio Version 17
VisualStudioVersion = 17.6.33815.320
MinimumVisualStudioVersion = 10.0.40219.1
Project("{FAE04EC0-301F-11D3-BF4B-00C04F79EFBC}") = "ProductAndQualityCodeDifference", "ProductAndQualityCodeDifference\ProductAndQualityCodeDifference.csproj", "{11C28427-57FD-4BC4-9BB8-6ADF90B93560}"
EndProject
Global
	GlobalSection(SolutionConfigurationPlatforms) = preSolution
		Debug|Any CPU = Debug|Any CPU
		Release|Any CPU = Release|Any CPU
	EndGlobalSection
	GlobalSection(ProjectConfigurationPlatforms) = postSolution
		{11C28427-57FD-4BC4-9BB8-6ADF90B93560}.Debug|Any CPU.ActiveCfg = Debug|Any CPU
		{11C28427-57FD-4BC4-9BB8-6ADF90B93560}.Debug|Any CPU.Build.0 = Debug|Any CPU
		{11C28427-57FD-4BC4-9BB8-6ADF90B93560}.Release|Any CPU.ActiveCfg = Release|Any CPU
		{11C28427-57FD-4BC4-9BB8-6ADF90B93560}.Release|Any CPU.Build.0 = Release|Any CPU
	EndGlobalSection
	GlobalSection(SolutionProperties) = preSolution
		HideSolutionNode = FALSE
	EndGlobalSection
	GlobalSection(ExtensibilityGlobals) = postSolution
		SolutionGuid = {A73715A5-C6EF-4330-9854-AF533E98D4FE}
	EndGlobalSection
EndGlobal
